
Microsoft Visual Studio Solution File, Format Version 12.00
# Visual Studio Version 16
VisualStudioVersion = 16.0.32630.194
MinimumVisualStudioVersion = 10.0.40219.1
Project("{FAE04EC0-301F-11D3-BF4B-00C04F79EFBC}") = "MyStoreAdminDashboard", "MyStoreAdminDashboard\MyStoreAdminDashboard.csproj", "{96F3C9FC-CFE2-4C2C-9B5B-5AD12F2D50BA}"
EndProject
Project("{FAE04EC0-301F-11D3-BF4B-00C04F79EFBC}") = "MyStoreAdminDashboard.Services", "MyStoreDashboardAdmin.Services\MyStoreAdminDashboard.Services.csproj", "{7BDE48B0-F1EA-4B77-91F2-A166884A8BCB}"
EndProject
Global
	GlobalSection(SolutionConfigurationPlatforms) = preSolution
		Debug|Any CPU = Debug|Any CPU
		Release|Any CPU = Release|Any CPU
	EndGlobalSection
	GlobalSection(ProjectConfigurationPlatforms) = postSolution
		{96F3C9FC-CFE2-4C2C-9B5B-5AD12F2D50BA}.Debug|Any CPU.ActiveCfg = Debug|Any CPU
		{96F3C9FC-CFE2-4C2C-9B5B-5AD12F2D50BA}.Debug|Any CPU.Build.0 = Debug|Any CPU
		{96F3C9FC-CFE2-4C2C-9B5B-5AD12F2D50BA}.Release|Any CPU.ActiveCfg = Release|Any CPU
		{96F3C9FC-CFE2-4C2C-9B5B-5AD12F2D50BA}.Release|Any CPU.Build.0 = Release|Any CPU
		{7BDE48B0-F1EA-4B77-91F2-A166884A8BCB}.Debug|Any CPU.ActiveCfg = Debug|Any CPU
		{7BDE48B0-F1EA-4B77-91F2-A166884A8BCB}.Debug|Any CPU.Build.0 = Debug|Any CPU
		{7BDE48B0-F1EA-4B77-91F2-A166884A8BCB}.Release|Any CPU.ActiveCfg = Release|Any CPU
		{7BDE48B0-F1EA-4B77-91F2-A166884A8BCB}.Release|Any CPU.Build.0 = Release|Any CPU
	EndGlobalSection
	GlobalSection(SolutionProperties) = preSolution
		HideSolutionNode = FALSE
	EndGlobalSection
	GlobalSection(ExtensibilityGlobals) = postSolution
		SolutionGuid = {29BAB914-95CD-4C5B-84AD-8BE68917EB8A}
	EndGlobalSection
EndGlobal
